
Microsoft Visual Studio Solution File, Format Version 12.00
# Visual Studio Version 17
VisualStudioVersion = 17.13.35825.156 d17.13
MinimumVisualStudioVersion = 10.0.40219.1
Project("{FAE04EC0-301F-11D3-BF4B-00C04F79EFBC}") = "BibliothequeApp", "BibliothequeApp\BibliothequeApp.csproj", "{5D7D4F07-3AF3-4F14-A7A2-1D99109B71EC}"
EndProject
Global
	GlobalSection(SolutionConfigurationPlatforms) = preSolution
		Debug|Any CPU = Debug|Any CPU
		Release|Any CPU = Release|Any CPU
	EndGlobalSection
	GlobalSection(ProjectConfigurationPlatforms) = postSolution
		{5D7D4F07-3AF3-4F14-A7A2-1D99109B71EC}.Debug|Any CPU.ActiveCfg = Debug|Any CPU
		{5D7D4F07-3AF3-4F14-A7A2-1D99109B71EC}.Debug|Any CPU.Build.0 = Debug|Any CPU
		{5D7D4F07-3AF3-4F14-A7A2-1D99109B71EC}.Release|Any CPU.ActiveCfg = Release|Any CPU
		{5D7D4F07-3AF3-4F14-A7A2-1D99109B71EC}.Release|Any CPU.Build.0 = Release|Any CPU
	EndGlobalSection
	GlobalSection(SolutionProperties) = preSolution
		HideSolutionNode = FALSE
	EndGlobalSection
	GlobalSection(ExtensibilityGlobals) = postSolution
		SolutionGuid = {A8562520-F274-47B5-B18B-2DF92FB51A31}
	EndGlobalSection
EndGlobal
